
Microsoft Visual Studio Solution File, Format Version 12.00
# Visual Studio Version 17
VisualStudioVersion = 17.3.32901.215
MinimumVisualStudioVersion = 10.0.40219.1
Project("{FAE04EC0-301F-11D3-BF4B-00C04F79EFBC}") = "KrediKartUygulama1", "KrediKartUygulama1\KrediKartUygulama1.csproj", "{BF56D836-CC61-4D5C-B2B4-04D381677195}"
EndProject
Global
	GlobalSection(SolutionConfigurationPlatforms) = preSolution
		Debug|Any CPU = Debug|Any CPU
		Release|Any CPU = Release|Any CPU
	EndGlobalSection
	GlobalSection(ProjectConfigurationPlatforms) = postSolution
		{BF56D836-CC61-4D5C-B2B4-04D381677195}.Debug|Any CPU.ActiveCfg = Debug|Any CPU
		{BF56D836-CC61-4D5C-B2B4-04D381677195}.Debug|Any CPU.Build.0 = Debug|Any CPU
		{BF56D836-CC61-4D5C-B2B4-04D381677195}.Release|Any CPU.ActiveCfg = Release|Any CPU
		{BF56D836-CC61-4D5C-B2B4-04D381677195}.Release|Any CPU.Build.0 = Release|Any CPU
	EndGlobalSection
	GlobalSection(SolutionProperties) = preSolution
		HideSolutionNode = FALSE
	EndGlobalSection
	GlobalSection(ExtensibilityGlobals) = postSolution
		SolutionGuid = {8FEA13C4-4F05-46A9-AD1C-A58CF5650069}
	EndGlobalSection
EndGlobal
